
Microsoft Visual Studio Solution File, Format Version 12.00
Project("{2150E333-8FDC-42A3-9474-1A3956D46DE8}") = "src", "src", "{46E4C18D-2135-430D-84D1-4C6A92A25D7A}"
EndProject
Project("{FAE04EC0-301F-11D3-BF4B-00C04F79EFBC}") = "FightService.Domain", "src\FightService.Domain\FightService.Domain.csproj", "{C6BE8520-7F68-432C-8191-DD0641D4A8AC}"
EndProject
Project("{FAE04EC0-301F-11D3-BF4B-00C04F79EFBC}") = "FightService.Application", "src\FightService.Application\FightService.Application.csproj", "{E4BDD861-5E86-4EE4-B0C3-E2CEB8FE8932}"
EndProject
Project("{FAE04EC0-301F-11D3-BF4B-00C04F79EFBC}") = "FightService.Infrastructure", "src\FightService.Infrastructure\FightService.Infrastructure.csproj", "{715C67EE-C40A-4528-BDC8-60D1EEC84D57}"
EndProject
Project("{FAE04EC0-301F-11D3-BF4B-00C04F79EFBC}") = "FightService.API", "src\FightService.API\FightService.API.csproj", "{30FBF9BD-9F91-4D32-BAB8-F5A599C35F17}"
EndProject
Global
	GlobalSection(SolutionConfigurationPlatforms) = preSolution
		Debug|Any CPU = Debug|Any CPU
		Release|Any CPU = Release|Any CPU
	EndGlobalSection
	GlobalSection(NestedProjects) = preSolution
		{C6BE8520-7F68-432C-8191-DD0641D4A8AC} = {46E4C18D-2135-430D-84D1-4C6A92A25D7A}
		{30FBF9BD-9F91-4D32-BAB8-F5A599C35F17} = {46E4C18D-2135-430D-84D1-4C6A92A25D7A}
		{E4BDD861-5E86-4EE4-B0C3-E2CEB8FE8932} = {46E4C18D-2135-430D-84D1-4C6A92A25D7A}
		{715C67EE-C40A-4528-BDC8-60D1EEC84D57} = {46E4C18D-2135-430D-84D1-4C6A92A25D7A}
	EndGlobalSection
	GlobalSection(ProjectConfigurationPlatforms) = postSolution
		{C6BE8520-7F68-432C-8191-DD0641D4A8AC}.Debug|Any CPU.ActiveCfg = Debug|Any CPU
		{C6BE8520-7F68-432C-8191-DD0641D4A8AC}.Debug|Any CPU.Build.0 = Debug|Any CPU
		{C6BE8520-7F68-432C-8191-DD0641D4A8AC}.Release|Any CPU.ActiveCfg = Release|Any CPU
		{C6BE8520-7F68-432C-8191-DD0641D4A8AC}.Release|Any CPU.Build.0 = Release|Any CPU
		{E4BDD861-5E86-4EE4-B0C3-E2CEB8FE8932}.Debug|Any CPU.ActiveCfg = Debug|Any CPU
		{E4BDD861-5E86-4EE4-B0C3-E2CEB8FE8932}.Debug|Any CPU.Build.0 = Debug|Any CPU
		{E4BDD861-5E86-4EE4-B0C3-E2CEB8FE8932}.Release|Any CPU.ActiveCfg = Release|Any CPU
		{E4BDD861-5E86-4EE4-B0C3-E2CEB8FE8932}.Release|Any CPU.Build.0 = Release|Any CPU
		{715C67EE-C40A-4528-BDC8-60D1EEC84D57}.Debug|Any CPU.ActiveCfg = Debug|Any CPU
		{715C67EE-C40A-4528-BDC8-60D1EEC84D57}.Debug|Any CPU.Build.0 = Debug|Any CPU
		{715C67EE-C40A-4528-BDC8-60D1EEC84D57}.Release|Any CPU.ActiveCfg = Release|Any CPU
		{715C67EE-C40A-4528-BDC8-60D1EEC84D57}.Release|Any CPU.Build.0 = Release|Any CPU
		{30FBF9BD-9F91-4D32-BAB8-F5A599C35F17}.Debug|Any CPU.ActiveCfg = Debug|Any CPU
		{30FBF9BD-9F91-4D32-BAB8-F5A599C35F17}.Debug|Any CPU.Build.0 = Debug|Any CPU
		{30FBF9BD-9F91-4D32-BAB8-F5A599C35F17}.Release|Any CPU.ActiveCfg = Release|Any CPU
		{30FBF9BD-9F91-4D32-BAB8-F5A599C35F17}.Release|Any CPU.Build.0 = Release|Any CPU
	EndGlobalSection
EndGlobal
